// !$*UTF8*$!
{
	archiveVersion = 1;
	classes = {
	};
	objectVersion = 77;
	objects = {

/* Begin PBXBuildFile section */
		167C33292F34767100DD1377 /* prayers Watch App.app in Embed Watch Content */ = {isa = PBXBuildFile; fileRef = 167C33282F34767100DD1377 /* prayers Watch App.app */; settings = {ATTRIBUTES = (RemoveHeadersOnCopy, ); }; };
/* End PBXBuildFile section */

/* Begin PBXContainerItemProxy section */
		167C33132F34767100DD1377 /* PBXContainerItemProxy */ = {
			isa = PBXContainerItemProxy;
			containerPortal = 167C32FA2F34766F00DD1377 /* Project object */;
			proxyType = 1;
			remoteGlobalIDString = 167C33012F34766F00DD1377;
			remoteInfo = prayers;
		};
		167C331D2F34767100DD1377 /* PBXContainerItemProxy */ = {
			isa = PBXContainerItemProxy;
			containerPortal = 167C32FA2F34766F00DD1377 /* Project object */;
			proxyType = 1;
			remoteGlobalIDString = 167C33012F34766F00DD1377;
			remoteInfo = prayers;
		};
		167C332A2F34767100DD1377 /* PBXContainerItemProxy */ = {
			isa = PBXContainerItemProxy;
			containerPortal = 167C32FA2F34766F00DD1377 /* Project object */;
			proxyType = 1;
			remoteGlobalIDString = 167C33272F34767100DD1377;
			remoteInfo = "prayers Watch App";
		};
		167C333B2F34767200DD1377 /* PBXContainerItemProxy */ = {
			isa = PBXContainerItemProxy;
			containerPortal = 167C32FA2F34766F00DD1377 /* Project object */;
			proxyType = 1;
			remoteGlobalIDString = 167C33272F34767100DD1377;
			remoteInfo = "prayers Watch App";
		};
		167C33452F34767200DD1377 /* PBXContainerItemProxy */ = {
			isa = PBXContainerItemProxy;
			containerPortal = 167C32FA2F34766F00DD1377 /* Project object */;
			proxyType = 1;
			remoteGlobalIDString = 167C33272F34767100DD1377;
			remoteInfo = "prayers Watch App";
		};
/* End PBXContainerItemProxy section */

/* Begin PBXCopyFilesBuildPhase section */
		167C33512F34767200DD1377 /* Embed Watch Content */ = {
			isa = PBXCopyFilesBuildPhase;
			buildActionMask = 2147483647;
			dstPath = "$(CONTENTS_FOLDER_PATH)/Watch";
			dstSubfolderSpec = 16;
			files = (
				167C33292F34767100DD1377 /* prayers Watch App.app in Embed Watch Content */,
			);
			name = "Embed Watch Content";
			runOnlyForDeploymentPostprocessing = 0;
		};
/* End PBXCopyFilesBuildPhase section */

/* Begin PBXFileReference section */
		167C33022F34766F00DD1377 /* prayers.app */ = {isa = PBXFileReference; explicitFileType = wrapper.application; includeInIndex = 0; path = prayers.app; sourceTree = BUILT_PRODUCTS_DIR; };
		167C33122F34767100DD1377 /* prayersTests.xctest */ = {isa = PBXFileReference; explicitFileType = wrapper.cfbundle; includeInIndex = 0; path = prayersTests.xctest; sourceTree = BUILT_PRODUCTS_DIR; };
		167C331C2F34767100DD1377 /* prayersUITests.xctest */ = {isa = PBXFileReference; explicitFileType = wrapper.cfbundle; includeInIndex = 0; path = prayersUITests.xctest; sourceTree = BUILT_PRODUCTS_DIR; };
		167C33282F34767100DD1377 /* prayers Watch App.app */ = {isa = PBXFileReference; explicitFileType = wrapper.application; includeInIndex = 0; path = "prayers Watch App.app"; sourceTree = BUILT_PRODUCTS_DIR; };
		167C333A2F34767200DD1377 /* prayers Watch AppTests.xctest */ = {isa = PBXFileReference; explicitFileType = wrapper.cfbundle; includeInIndex = 0; path = "prayers Watch AppTests.xctest"; sourceTree = BUILT_PRODUCTS_DIR; };
		167C33442F34767200DD1377 /* prayers Watch AppUITests.xctest */ = {isa = PBXFileReference; explicitFileType = wrapper.cfbundle; includeInIndex = 0; path = "prayers Watch AppUITests.xctest"; sourceTree = BUILT_PRODUCTS_DIR; };
/* End PBXFileReference section */

/* Begin PBXFileSystemSynchronizedRootGroup section */
		167C33042F34766F00DD1377 /* prayers */ = {
			isa = PBXFileSystemSynchronizedRootGroup;
			path = prayers;
			sourceTree = "<group>";
		};
		167C33152F34767100DD1377 /* prayersTests */ = {
			isa = PBXFileSystemSynchronizedRootGroup;
			path = prayersTests;
			sourceTree = "<group>";
		};
		167C331F2F34767100DD1377 /* prayersUITests */ = {
			isa = PBXFileSystemSynchronizedRootGroup;
			path = prayersUITests;
			sourceTree = "<group>";
		};
		167C332C2F34767100DD1377 /* prayers Watch App */ = {
			isa = PBXFileSystemSynchronizedRootGroup;
			path = "prayers Watch App";
			sourceTree = "<group>";
		};
		167C333D2F34767200DD1377 /* prayers Watch AppTests */ = {
			isa = PBXFileSystemSynchronizedRootGroup;
			path = "prayers Watch AppTests";
			sourceTree = "<group>";
		};
		167C33472F34767200DD1377 /* prayers Watch AppUITests */ = {
			isa = PBXFileSystemSynchronizedRootGroup;
			path = "prayers Watch AppUITests";
			sourceTree = "<group>";
		};
/* End PBXFileSystemSynchronizedRootGroup section */

/* Begin PBXFrameworksBuildPhase section */
		167C32FF2F34766F00DD1377 /* Frameworks */ = {
			isa = PBXFrameworksBuildPhase;
			buildActionMask = 2147483647;
			files = (
			);
			runOnlyForDeploymentPostprocessing = 0;
		};
		167C330F2F34767100DD1377 /* Frameworks */ = {
			isa = PBXFrameworksBuildPhase;
			buildActionMask = 2147483647;
			files = (
			);
			runOnlyForDeploymentPostprocessing = 0;
		};
		167C33192F34767100DD1377 /* Frameworks */ = {
			isa = PBXFrameworksBuildPhase;
			buildActionMask = 2147483647;
			files = (
			);
			runOnlyForDeploymentPostprocessing = 0;
		};
		167C33252F34767100DD1377 /* Frameworks */ = {
			isa = PBXFrameworksBuildPhase;
			buildActionMask = 2147483647;
			files = (
			);
			runOnlyForDeploymentPostprocessing = 0;
		};
		167C33372F34767200DD1377 /* Frameworks */ = {
			isa = PBXFrameworksBuildPhase;
			buildActionMask = 2147483647;
			files = (
			);
			runOnlyForDeploymentPostprocessing = 0;
		};
		167C33412F34767200DD1377 /* Frameworks */ = {
			isa = PBXFrameworksBuildPhase;
			buildActionMask = 2147483647;
			files = (
			);
			runOnlyForDeploymentPostprocessing = 0;
		};
/* End PBXFrameworksBuildPhase section */

/* Begin PBXGroup section */
		167C32F92F34766F00DD1377 = {
			isa = PBXGroup;
			children = (
				167C33042F34766F00DD1377 /* prayers */,
				167C33152F34767100DD1377 /* prayersTests */,
				167C331F2F34767100DD1377 /* prayersUITests */,
				167C332C2F34767100DD1377 /* prayers Watch App */,
				167C333D2F34767200DD1377 /* prayers Watch AppTests */,
				167C33472F34767200DD1377 /* prayers Watch AppUITests */,
				167C33032F34766F00DD1377 /* Products */,
			);
			sourceTree = "<group>";
		};
		167C33032F34766F00DD1377 /* Products */ = {
			isa = PBXGroup;
			children = (
				167C33022F34766F00DD1377 /* prayers.app */,
				167C33122F34767100DD1377 /* prayersTests.xctest */,
				167C331C2F34767100DD1377 /* prayersUITests.xctest */,
				167C33282F34767100DD1377 /* prayers Watch App.app */,
				167C333A2F34767200DD1377 /* prayers Watch AppTests.xctest */,
				167C33442F34767200DD1377 /* prayers Watch AppUITests.xctest */,
			);
			name = Products;
			sourceTree = "<group>";
		};
/* End PBXGroup section */

/* Begin PBXNativeTarget section */
		167C33012F34766F00DD1377 /* prayers */ = {
			isa = PBXNativeTarget;
			buildConfigurationList = 167C33522F34767200DD1377 /* Build configuration list for PBXNativeTarget "prayers" */;
			buildPhases = (
				167C32FE2F34766F00DD1377 /* Sources */,
				167C32FF2F34766F00DD1377 /* Frameworks */,
				167C33002F34766F00DD1377 /* Resources */,
				167C33512F34767200DD1377 /* Embed Watch Content */,
			);
			buildRules = (
			);
			dependencies = (
				167C332B2F34767100DD1377 /* PBXTargetDependency */,
			);
			fileSystemSynchronizedGroups = (
				167C33042F34766F00DD1377 /* prayers */,
			);
			name = prayers;
			packageProductDependencies = (
			);
			productName = prayers;
			productReference = 167C33022F34766F00DD1377 /* prayers.app */;
			productType = "com.apple.product-type.application";
		};
		167C33112F34767100DD1377 /* prayersTests */ = {
			isa = PBXNativeTarget;
			buildConfigurationList = 167C33552F34767200DD1377 /* Build configuration list for PBXNativeTarget "prayersTests" */;
			buildPhases = (
				167C330E2F34767100DD1377 /* Sources */,
				167C330F2F34767100DD1377 /* Frameworks */,
				167C33102F34767100DD1377 /* Resources */,
			);
			buildRules = (
			);
			dependencies = (
				167C33142F34767100DD1377 /* PBXTargetDependency */,
			);
			fileSystemSynchronizedGroups = (
				167C33152F34767100DD1377 /* prayersTests */,
			);
			name = prayersTests;
			packageProductDependencies = (
			);
			productName = prayersTests;
			productReference = 167C33122F34767100DD1377 /* prayersTests.xctest */;
			productType = "com.apple.product-type.bundle.unit-test";
		};
		167C331B2F34767100DD1377 /* prayersUITests */ = {
			isa = PBXNativeTarget;
			buildConfigurationList = 167C33582F34767200DD1377 /* Build configuration list for PBXNativeTarget "prayersUITests" */;
			buildPhases = (
				167C33182F34767100DD1377 /* Sources */,
				167C33192F34767100DD1377 /* Frameworks */,
				167C331A2F34767100DD1377 /* Resources */,
			);
			buildRules = (
			);
			dependencies = (
				167C331E2F34767100DD1377 /* PBXTargetDependency */,
			);
			fileSystemSynchronizedGroups = (
				167C331F2F34767100DD1377 /* prayersUITests */,
			);
			name = prayersUITests;
			packageProductDependencies = (
			);
			productName = prayersUITests;
			productReference = 167C331C2F34767100DD1377 /* prayersUITests.xctest */;
			productType = "com.apple.product-type.bundle.ui-testing";
		};
		167C33272F34767100DD1377 /* prayers Watch App */ = {
			isa = PBXNativeTarget;
			buildConfigurationList = 167C334E2F34767200DD1377 /* Build configuration list for PBXNativeTarget "prayers Watch App" */;
			buildPhases = (
				167C33242F34767100DD1377 /* Sources */,
				167C33252F34767100DD1377 /* Frameworks */,
				167C33262F34767100DD1377 /* Resources */,
			);
			buildRules = (
			);
			dependencies = (
			);
			fileSystemSynchronizedGroups = (
				167C332C2F34767100DD1377 /* prayers Watch App */,
			);
			name = "prayers Watch App";
			packageProductDependencies = (
			);
			productName = "prayers Watch App";
			productReference = 167C33282F34767100DD1377 /* prayers Watch App.app */;
			productType = "com.apple.product-type.application";
		};
		167C33392F34767200DD1377 /* prayers Watch AppTests */ = {
			isa = PBXNativeTarget;
			buildConfigurationList = 167C335B2F34767200DD1377 /* Build configuration list for PBXNativeTarget "prayers Watch AppTests" */;
			buildPhases = (
				167C33362F34767200DD1377 /* Sources */,
				167C33372F34767200DD1377 /* Frameworks */,
				167C33382F34767200DD1377 /* Resources */,
			);
			buildRules = (
			);
			dependencies = (
				167C333C2F34767200DD1377 /* PBXTargetDependency */,
			);
			fileSystemSynchronizedGroups = (
				167C333D2F34767200DD1377 /* prayers Watch AppTests */,
			);
			name = "prayers Watch AppTests";
			packageProductDependencies = (
			);
			productName = "prayers Watch AppTests";
			productReference = 167C333A2F34767200DD1377 /* prayers Watch AppTests.xctest */;
			productType = "com.apple.product-type.bundle.unit-test";
		};
		167C33432F34767200DD1377 /* prayers Watch AppUITests */ = {
			isa = PBXNativeTarget;
			buildConfigurationList = 167C335E2F34767200DD1377 /* Build configuration list for PBXNativeTarget "prayers Watch AppUITests" */;
			buildPhases = (
				167C33402F34767200DD1377 /* Sources */,
				167C33412F34767200DD1377 /* Frameworks */,
				167C33422F34767200DD1377 /* Resources */,
			);
			buildRules = (
			);
			dependencies = (
				167C33462F34767200DD1377 /* PBXTargetDependency */,
			);
			fileSystemSynchronizedGroups = (
				167C33472F34767200DD1377 /* prayers Watch AppUITests */,
			);
			name = "prayers Watch AppUITests";
			packageProductDependencies = (
			);
			productName = "prayers Watch AppUITests";
			productReference = 167C33442F34767200DD1377 /* prayers Watch AppUITests.xctest */;
			productType = "com.apple.product-type.bundle.ui-testing";
		};
/* End PBXNativeTarget section */

/* Begin PBXProject section */
		167C32FA2F34766F00DD1377 /* Project object */ = {
			isa = PBXProject;
			attributes = {
				BuildIndependentTargetsInParallel = 1;
				LastSwiftUpdateCheck = 1620;
				LastUpgradeCheck = 1620;
				TargetAttributes = {
					167C33012F34766F00DD1377 = {
						CreatedOnToolsVersion = 16.2;
					};
					167C33112F34767100DD1377 = {
						CreatedOnToolsVersion = 16.2;
						TestTargetID = 167C33012F34766F00DD1377;
					};
					167C331B2F34767100DD1377 = {
						CreatedOnToolsVersion = 16.2;
						TestTargetID = 167C33012F34766F00DD1377;
					};
					167C33272F34767100DD1377 = {
						CreatedOnToolsVersion = 16.2;
					};
					167C33392F34767200DD1377 = {
						CreatedOnToolsVersion = 16.2;
						TestTargetID = 167C33272F34767100DD1377;
					};
					167C33432F34767200DD1377 = {
						CreatedOnToolsVersion = 16.2;
						TestTargetID = 167C33272F34767100DD1377;
					};
				};
			};
			buildConfigurationList = 167C32FD2F34766F00DD1377 /* Build configuration list for PBXProject "prayers" */;
			developmentRegion = en;
			hasScannedForEncodings = 0;
			knownRegions = (
				en,
				Base,
			);
			mainGroup = 167C32F92F34766F00DD1377;
			minimizedProjectReferenceProxies = 1;
			preferredProjectObjectVersion = 77;
			productRefGroup = 167C33032F34766F00DD1377 /* Products */;
			projectDirPath = "";
			projectRoot = "";
			targets = (
				167C33012F34766F00DD1377 /* prayers */,
				167C33112F34767100DD1377 /* prayersTests */,
				167C331B2F34767100DD1377 /* prayersUITests */,
				167C33272F34767100DD1377 /* prayers Watch App */,
				167C33392F34767200DD1377 /* prayers Watch AppTests */,
				167C33432F34767200DD1377 /* prayers Watch AppUITests */,
			);
		};
/* End PBXProject section */

/* Begin PBXResourcesBuildPhase section */
		167C33002F34766F00DD1377 /* Resources */ = {
			isa = PBXResourcesBuildPhase;
			buildActionMask = 2147483647;
			files = (
			);
			runOnlyForDeploymentPostprocessing = 0;
		};
		167C33102F34767100DD1377 /* Resources */ = {
			isa = PBXResourcesBuildPhase;
			buildActionMask = 2147483647;
			files = (
			);
			runOnlyForDeploymentPostprocessing = 0;
		};
		167C331A2F34767100DD1377 /* Resources */ = {
			isa = PBXResourcesBuildPhase;
			buildActionMask = 2147483647;
			files = (
			);
			runOnlyForDeploymentPostprocessing = 0;
		};
		167C33262F34767100DD1377 /* Resources */ = {
			isa = PBXResourcesBuildPhase;
			buildActionMask = 2147483647;
			files = (
			);
			runOnlyForDeploymentPostprocessing = 0;
		};
		167C33382F34767200DD1377 /* Resources */ = {
			isa = PBXResourcesBuildPhase;
			buildActionMask = 2147483647;
			files = (
			);
			runOnlyForDeploymentPostprocessing = 0;
		};
		167C33422F34767200DD1377 /* Resources */ = {
			isa = PBXResourcesBuildPhase;
			buildActionMask = 2147483647;
			files = (
			);
			runOnlyForDeploymentPostprocessing = 0;
		};
/* End PBXResourcesBuildPhase section */

/* Begin PBXSourcesBuildPhase section */
		167C32FE2F34766F00DD1377 /* Sources */ = {
			isa = PBXSourcesBuildPhase;
			buildActionMask = 2147483647;
			files = (
			);
			runOnlyForDeploymentPostprocessing = 0;
		};
		167C330E2F34767100DD1377 /* Sources */ = {
			isa = PBXSourcesBuildPhase;
			buildActionMask = 2147483647;
			files = (
			);
			runOnlyForDeploymentPostprocessing = 0;
		};
		167C33182F34767100DD1377 /* Sources */ = {
			isa = PBXSourcesBuildPhase;
			buildActionMask = 2147483647;
			files = (
			);
			runOnlyForDeploymentPostprocessing = 0;
		};
		167C33242F34767100DD1377 /* Sources */ = {
			isa = PBXSourcesBuildPhase;
			buildActionMask = 2147483647;
			files = (
			);
			runOnlyForDeploymentPostprocessing = 0;
		};
		167C33362F34767200DD1377 /* Sources */ = {
			isa = PBXSourcesBuildPhase;
			buildActionMask = 2147483647;
			files = (
			);
			runOnlyForDeploymentPostprocessing = 0;
		};
		167C33402F34767200DD1377 /* Sources */ = {
			isa = PBXSourcesBuildPhase;
			buildActionMask = 2147483647;
			files = (
			);
			runOnlyForDeploymentPostprocessing = 0;
		};
/* End PBXSourcesBuildPhase section */

/* Begin PBXTargetDependency section */
		167C33142F34767100DD1377 /* PBXTargetDependency */ = {
			isa = PBXTargetDependency;
			target = 167C33012F34766F00DD1377 /* prayers */;
			targetProxy = 167C33132F34767100DD1377 /* PBXContainerItemProxy */;
		};
		167C331E2F34767100DD1377 /* PBXTargetDependency */ = {
			isa = PBXTargetDependency;
			target = 167C33012F34766F00DD1377 /* prayers */;
			targetProxy = 167C331D2F34767100DD1377 /* PBXContainerItemProxy */;
		};
		167C332B2F34767100DD1377 /* PBXTargetDependency */ = {
			isa = PBXTargetDependency;
			target = 167C33272F34767100DD1377 /* prayers Watch App */;
			targetProxy = 167C332A2F34767100DD1377 /* PBXContainerItemProxy */;
		};
		167C333C2F34767200DD1377 /* PBXTargetDependency */ = {
			isa = PBXTargetDependency;
			target = 167C33272F34767100DD1377 /* prayers Watch App */;
			targetProxy = 167C333B2F34767200DD1377 /* PBXContainerItemProxy */;
		};
		167C33462F34767200DD1377 /* PBXTargetDependency */ = {
			isa = PBXTargetDependency;
			target = 167C33272F34767100DD1377 /* prayers Watch App */;
			targetProxy = 167C33452F34767200DD1377 /* PBXContainerItemProxy */;
		};
/* End PBXTargetDependency section */

/* Begin XCBuildConfiguration section */
		167C334C2F34767200DD1377 /* Debug */ = {
			isa = XCBuildConfiguration;
			buildSettings = {
				ALWAYS_SEARCH_USER_PATHS = NO;
				ASSETCATALOG_COMPILER_GENERATE_SWIFT_ASSET_SYMBOL_EXTENSIONS = YES;
				CLANG_ANALYZER_NONNULL = YES;
				CLANG_ANALYZER_NUMBER_OBJECT_CONVERSION = YES_AGGRESSIVE;
				CLANG_CXX_LANGUAGE_STANDARD = "gnu++20";
				CLANG_ENABLE_MODULES = YES;
				CLANG_ENABLE_OBJC_ARC = YES;
				CLANG_ENABLE_OBJC_WEAK = YES;
				CLANG_WARN_BLOCK_CAPTURE_AUTORELEASING = YES;
				CLANG_WARN_BOOL_CONVERSION = YES;
				CLANG_WARN_COMMA = YES;
				CLANG_WARN_CONSTANT_CONVERSION = YES;
				CLANG_WARN_DEPRECATED_OBJC_IMPLEMENTATIONS = YES;
				CLANG_WARN_DIRECT_OBJC_ISA_USAGE = YES_ERROR;
				CLANG_WARN_DOCUMENTATION_COMMENTS = YES;
				CLANG_WARN_EMPTY_BODY = YES;
				CLANG_WARN_ENUM_CONVERSION = YES;
				CLANG_WARN_INFINITE_RECURSION = YES;
				CLANG_WARN_INT_CONVERSION = YES;
				CLANG_WARN_NON_LITERAL_NULL_CONVERSION = YES;
				CLANG_WARN_OBJC_IMPLICIT_RETAIN_SELF = YES;
				CLANG_WARN_OBJC_LITERAL_CONVERSION = YES;
				CLANG_WARN_OBJC_ROOT_CLASS = YES_ERROR;
				CLANG_WARN_QUOTED_INCLUDE_IN_FRAMEWORK_HEADER = YES;
				CLANG_WARN_RANGE_LOOP_ANALYSIS = YES;
				CLANG_WARN_STRICT_PROTOTYPES = YES;
				CLANG_WARN_SUSPICIOUS_MOVE = YES;
				CLANG_WARN_UNGUARDED_AVAILABILITY = YES_AGGRESSIVE;
				CLANG_WARN_UNREACHABLE_CODE = YES;
				CLANG_WARN__DUPLICATE_METHOD_MATCH = YES;
				COPY_PHASE_STRIP = NO;
				DEBUG_INFORMATION_FORMAT = dwarf;
				ENABLE_STRICT_OBJC_MSGSEND = YES;
				ENABLE_TESTABILITY = YES;
				ENABLE_USER_SCRIPT_SANDBOXING = YES;
				GCC_C_LANGUAGE_STANDARD = gnu17;
				GCC_DYNAMIC_NO_PIC = NO;
				GCC_NO_COMMON_BLOCKS = YES;
				GCC_OPTIMIZATION_LEVEL = 0;
				GCC_PREPROCESSOR_DEFINITIONS = (
					"DEBUG=1",
					"$(inherited)",
				);
				GCC_WARN_64_TO_32_BIT_CONVERSION = YES;
				GCC_WARN_ABOUT_RETURN_TYPE = YES_ERROR;
				GCC_WARN_UNDECLARED_SELECTOR = YES;
				GCC_WARN_UNINITIALIZED_AUTOS = YES_AGGRESSIVE;
				GCC_WARN_UNUSED_FUNCTION = YES;
				GCC_WARN_UNUSED_VARIABLE = YES;
				LOCALIZATION_PREFERS_STRING_CATALOGS = YES;
				MTL_ENABLE_DEBUG_INFO = INCLUDE_SOURCE;
				MTL_FAST_MATH = YES;
				ONLY_ACTIVE_ARCH = YES;
				SWIFT_ACTIVE_COMPILATION_CONDITIONS = "DEBUG $(inherited)";
				SWIFT_OPTIMIZATION_LEVEL = "-Onone";
			};
			name = Debug;
		};
		167C334D2F34767200DD1377 /* Release */ = {
			isa = XCBuildConfiguration;
			buildSettings = {
				ALWAYS_SEARCH_USER_PATHS = NO;
				ASSETCATALOG_COMPILER_GENERATE_SWIFT_ASSET_SYMBOL_EXTENSIONS = YES;
				CLANG_ANALYZER_NONNULL = YES;
				CLANG_ANALYZER_NUMBER_OBJECT_CONVERSION = YES_AGGRESSIVE;
				CLANG_CXX_LANGUAGE_STANDARD = "gnu++20";
				CLANG_ENABLE_MODULES = YES;
				CLANG_ENABLE_OBJC_ARC = YES;
				CLANG_ENABLE_OBJC_WEAK = YES;
				CLANG_WARN_BLOCK_CAPTURE_AUTORELEASING = YES;
				CLANG_WARN_BOOL_CONVERSION = YES;
				CLANG_WARN_COMMA = YES;
				CLANG_WARN_CONSTANT_CONVERSION = YES;
				CLANG_WARN_DEPRECATED_OBJC_IMPLEMENTATIONS = YES;
				CLANG_WARN_DIRECT_OBJC_ISA_USAGE = YES_ERROR;
				CLANG_WARN_DOCUMENTATION_COMMENTS = YES;
				CLANG_WARN_EMPTY_BODY = YES;
				CLANG_WARN_ENUM_CONVERSION = YES;
				CLANG_WARN_INFINITE_RECURSION = YES;
				CLANG_WARN_INT_CONVERSION = YES;
				CLANG_WARN_NON_LITERAL_NULL_CONVERSION = YES;
				CLANG_WARN_OBJC_IMPLICIT_RETAIN_SELF = YES;
				CLANG_WARN_OBJC_LITERAL_CONVERSION = YES;
				CLANG_WARN_OBJC_ROOT_CLASS = YES_ERROR;
				CLANG_WARN_QUOTED_INCLUDE_IN_FRAMEWORK_HEADER = YES;
				CLANG_WARN_RANGE_LOOP_ANALYSIS = YES;
				CLANG_WARN_STRICT_PROTOTYPES = YES;
				CLANG_WARN_SUSPICIOUS_MOVE = YES;
				CLANG_WARN_UNGUARDED_AVAILABILITY = YES_AGGRESSIVE;
				CLANG_WARN_UNREACHABLE_CODE = YES;
				CLANG_WARN__DUPLICATE_METHOD_MATCH = YES;
				COPY_PHASE_STRIP = NO;
				DEBUG_INFORMATION_FORMAT = "dwarf-with-dsym";
				ENABLE_NS_ASSERTIONS = NO;
				ENABLE_STRICT_OBJC_MSGSEND = YES;
				ENABLE_USER_SCRIPT_SANDBOXING = YES;
				GCC_C_LANGUAGE_STANDARD = gnu17;
				GCC_NO_COMMON_BLOCKS = YES;
				GCC_WARN_64_TO_32_BIT_CONVERSION = YES;
				GCC_WARN_ABOUT_RETURN_TYPE = YES_ERROR;
				GCC_WARN_UNDECLARED_SELECTOR = YES;
				GCC_WARN_UNINITIALIZED_AUTOS = YES_AGGRESSIVE;
				GCC_WARN_UNUSED_FUNCTION = YES;
				GCC_WARN_UNUSED_VARIABLE = YES;
				LOCALIZATION_PREFERS_STRING_CATALOGS = YES;
				MTL_ENABLE_DEBUG_INFO = NO;
				MTL_FAST_MATH = YES;
				SWIFT_COMPILATION_MODE = wholemodule;
			};
			name = Release;
		};
		167C334F2F34767200DD1377 /* Debug */ = {
			isa = XCBuildConfiguration;
			buildSettings = {
				ASSETCATALOG_COMPILER_APPICON_NAME = AppIcon;
				ASSETCATALOG_COMPILER_GLOBAL_ACCENT_COLOR_NAME = AccentColor;
				CODE_SIGN_STYLE = Automatic;
				CURRENT_PROJECT_VERSION = 1;
				DEVELOPMENT_ASSET_PATHS = "\"prayers Watch App/Preview Content\"";
				ENABLE_PREVIEWS = YES;
				GENERATE_INFOPLIST_FILE = YES;
				INFOPLIST_KEY_CFBundleDisplayName = prayers;
				INFOPLIST_KEY_UISupportedInterfaceOrientations = "UIInterfaceOrientationPortrait UIInterfaceOrientationPortraitUpsideDown";
				INFOPLIST_KEY_WKCompanionAppBundleIdentifier = com.divinityapp.prayers;
				LD_RUNPATH_SEARCH_PATHS = (
					"$(inherited)",
					"@executable_path/Frameworks",
				);
				MARKETING_VERSION = 1.0;
				PRODUCT_BUNDLE_IDENTIFIER = com.divinityapp.prayers.watchkitapp;
				PRODUCT_NAME = "$(TARGET_NAME)";
				SDKROOT = watchos;
				SKIP_INSTALL = YES;
				SWIFT_EMIT_LOC_STRINGS = YES;
				SWIFT_VERSION = 5.0;
				TARGETED_DEVICE_FAMILY = 4;
				WATCHOS_DEPLOYMENT_TARGET = 11.2;
			};
			name = Debug;
		};
		167C33502F34767200DD1377 /* Release */ = {
			isa = XCBuildConfiguration;
			buildSettings = {
				ASSETCATALOG_COMPILER_APPICON_NAME = AppIcon;
				ASSETCATALOG_COMPILER_GLOBAL_ACCENT_COLOR_NAME = AccentColor;
				CODE_SIGN_STYLE = Automatic;
				CURRENT_PROJECT_VERSION = 1;
				DEVELOPMENT_ASSET_PATHS = "\"prayers Watch App/Preview Content\"";
				ENABLE_PREVIEWS = YES;
				GENERATE_INFOPLIST_FILE = YES;
				INFOPLIST_KEY_CFBundleDisplayName = prayers;
				INFOPLIST_KEY_UISupportedInterfaceOrientations = "UIInterfaceOrientationPortrait UIInterfaceOrientationPortraitUpsideDown";
				INFOPLIST_KEY_WKCompanionAppBundleIdentifier = com.divinityapp.prayers;
				LD_RUNPATH_SEARCH_PATHS = (
					"$(inherited)",
					"@executable_path/Frameworks",
				);
				MARKETING_VERSION = 1.0;
				PRODUCT_BUNDLE_IDENTIFIER = com.divinityapp.prayers.watchkitapp;
				PRODUCT_NAME = "$(TARGET_NAME)";
				SDKROOT = watchos;
				SKIP_INSTALL = YES;
				SWIFT_EMIT_LOC_STRINGS = YES;
				SWIFT_VERSION = 5.0;
				TARGETED_DEVICE_FAMILY = 4;
				VALIDATE_PRODUCT = YES;
				WATCHOS_DEPLOYMENT_TARGET = 11.2;
			};
			name = Release;
		};
		167C33532F34767200DD1377 /* Debug */ = {
			isa = XCBuildConfiguration;
			buildSettings = {
				ASSETCATALOG_COMPILER_APPICON_NAME = AppIcon;
				ASSETCATALOG_COMPILER_GLOBAL_ACCENT_COLOR_NAME = AccentColor;
				CODE_SIGN_STYLE = Automatic;
				CURRENT_PROJECT_VERSION = 1;
				DEVELOPMENT_ASSET_PATHS = "\"prayers/Preview Content\"";
				ENABLE_PREVIEWS = YES;
				GENERATE_INFOPLIST_FILE = YES;
				INFOPLIST_KEY_CFBundleDisplayName = prayers;
				INFOPLIST_KEY_UIApplicationSceneManifest_Generation = YES;
				INFOPLIST_KEY_UIApplicationSupportsIndirectInputEvents = YES;
				INFOPLIST_KEY_UILaunchScreen_Generation = YES;
				INFOPLIST_KEY_UISupportedInterfaceOrientations_iPad = "UIInterfaceOrientationPortrait UIInterfaceOrientationPortraitUpsideDown UIInterfaceOrientationLandscapeLeft UIInterfaceOrientationLandscapeRight";
				INFOPLIST_KEY_UISupportedInterfaceOrientations_iPhone = "UIInterfaceOrientationPortrait UIInterfaceOrientationLandscapeLeft UIInterfaceOrientationLandscapeRight";
				IPHONEOS_DEPLOYMENT_TARGET = 18.2;
				LD_RUNPATH_SEARCH_PATHS = (
					"$(inherited)",
					"@executable_path/Frameworks",
				);
				MARKETING_VERSION = 1.0;
				PRODUCT_BUNDLE_IDENTIFIER = com.divinityapp.prayers;
				PRODUCT_NAME = "$(TARGET_NAME)";
				SDKROOT = iphoneos;
				SWIFT_EMIT_LOC_STRINGS = YES;
				SWIFT_VERSION = 5.0;
				TARGETED_DEVICE_FAMILY = "1,2";
			};
			name = Debug;
		};
		167C33542F34767200DD1377 /* Release */ = {
			isa = XCBuildConfiguration;
			buildSettings = {
				ASSETCATALOG_COMPILER_APPICON_NAME = AppIcon;
				ASSETCATALOG_COMPILER_GLOBAL_ACCENT_COLOR_NAME = AccentColor;
				CODE_SIGN_STYLE = Automatic;
				CURRENT_PROJECT_VERSION = 1;
				DEVELOPMENT_ASSET_PATHS = "\"prayers/Preview Content\"";
				ENABLE_PREVIEWS = YES;
				GENERATE_INFOPLIST_FILE = YES;
				INFOPLIST_KEY_CFBundleDisplayName = prayers;
				INFOPLIST_KEY_UIApplicationSceneManifest_Generation = YES;
				INFOPLIST_KEY_UIApplicationSupportsIndirectInputEvents = YES;
				INFOPLIST_KEY_UILaunchScreen_Generation = YES;
				INFOPLIST_KEY_UISupportedInterfaceOrientations_iPad = "UIInterfaceOrientationPortrait UIInterfaceOrientationPortraitUpsideDown UIInterfaceOrientationLandscapeLeft UIInterfaceOrientationLandscapeRight";
				INFOPLIST_KEY_UISupportedInterfaceOrientations_iPhone = "UIInterfaceOrientationPortrait UIInterfaceOrientationLandscapeLeft UIInterfaceOrientationLandscapeRight";
				IPHONEOS_DEPLOYMENT_TARGET = 18.2;
				LD_RUNPATH_SEARCH_PATHS = (
					"$(inherited)",
					"@executable_path/Frameworks",
				);
				MARKETING_VERSION = 1.0;
				PRODUCT_BUNDLE_IDENTIFIER = com.divinityapp.prayers;
				PRODUCT_NAME = "$(TARGET_NAME)";
				SDKROOT = iphoneos;
				SWIFT_EMIT_LOC_STRINGS = YES;
				SWIFT_VERSION = 5.0;
				TARGETED_DEVICE_FAMILY = "1,2";
				VALIDATE_PRODUCT = YES;
			};
			name = Release;
		};
		167C33562F34767200DD1377 /* Debug */ = {
			isa = XCBuildConfiguration;
			buildSettings = {
				BUNDLE_LOADER = "$(TEST_HOST)";
				CODE_SIGN_STYLE = Automatic;
				CURRENT_PROJECT_VERSION = 1;
				GENERATE_INFOPLIST_FILE = YES;
				IPHONEOS_DEPLOYMENT_TARGET = 18.2;
				MARKETING_VERSION = 1.0;
				PRODUCT_BUNDLE_IDENTIFIER = com.divinityapp.prayersTests;
				PRODUCT_NAME = "$(TARGET_NAME)";
				SDKROOT = iphoneos;
				SWIFT_EMIT_LOC_STRINGS = NO;
				SWIFT_VERSION = 5.0;
				TARGETED_DEVICE_FAMILY = "1,2";
				TEST_HOST = "$(BUILT_PRODUCTS_DIR)/prayers.app/$(BUNDLE_EXECUTABLE_FOLDER_PATH)/prayers";
			};
			name = Debug;
		};
		167C33572F34767200DD1377 /* Release */ = {
			isa = XCBuildConfiguration;
			buildSettings = {
				BUNDLE_LOADER = "$(TEST_HOST)";
				CODE_SIGN_STYLE = Automatic;
				CURRENT_PROJECT_VERSION = 1;
				GENERATE_INFOPLIST_FILE = YES;
				IPHONEOS_DEPLOYMENT_TARGET = 18.2;
				MARKETING_VERSION = 1.0;
				PRODUCT_BUNDLE_IDENTIFIER = com.divinityapp.prayersTests;
				PRODUCT_NAME = "$(TARGET_NAME)";
				SDKROOT = iphoneos;
				SWIFT_EMIT_LOC_STRINGS = NO;
				SWIFT_VERSION = 5.0;
				TARGETED_DEVICE_FAMILY = "1,2";
				TEST_HOST = "$(BUILT_PRODUCTS_DIR)/prayers.app/$(BUNDLE_EXECUTABLE_FOLDER_PATH)/prayers";
				VALIDATE_PRODUCT = YES;
			};
			name = Release;
		};
		167C33592F34767200DD1377 /* Debug */ = {
			isa = XCBuildConfiguration;
			buildSettings = {
				CODE_SIGN_STYLE = Automatic;
				CURRENT_PROJECT_VERSION = 1;
				GENERATE_INFOPLIST_FILE = YES;
				IPHONEOS_DEPLOYMENT_TARGET = 18.2;
				MARKETING_VERSION = 1.0;
				PRODUCT_BUNDLE_IDENTIFIER = com.divinityapp.prayersUITests;
				PRODUCT_NAME = "$(TARGET_NAME)";
				SDKROOT = iphoneos;
				SWIFT_EMIT_LOC_STRINGS = NO;
				SWIFT_VERSION = 5.0;
				TARGETED_DEVICE_FAMILY = "1,2";
				TEST_TARGET_NAME = prayers;
			};
			name = Debug;
		};
		167C335A2F34767200DD1377 /* Release */ = {
			isa = XCBuildConfiguration;
			buildSettings = {
				CODE_SIGN_STYLE = Automatic;
				CURRENT_PROJECT_VERSION = 1;
				GENERATE_INFOPLIST_FILE = YES;
				IPHONEOS_DEPLOYMENT_TARGET = 18.2;
				MARKETING_VERSION = 1.0;
				PRODUCT_BUNDLE_IDENTIFIER = com.divinityapp.prayersUITests;
				PRODUCT_NAME = "$(TARGET_NAME)";
				SDKROOT = iphoneos;
				SWIFT_EMIT_LOC_STRINGS = NO;
				SWIFT_VERSION = 5.0;
				TARGETED_DEVICE_FAMILY = "1,2";
				TEST_TARGET_NAME = prayers;
				VALIDATE_PRODUCT = YES;
			};
			name = Release;
		};
		167C335C2F34767200DD1377 /* Debug */ = {
			isa = XCBuildConfiguration;
			buildSettings = {
				BUNDLE_LOADER = "$(TEST_HOST)";
				CODE_SIGN_STYLE = Automatic;
				CURRENT_PROJECT_VERSION = 1;
				GENERATE_INFOPLIST_FILE = YES;
				MARKETING_VERSION = 1.0;
				PRODUCT_BUNDLE_IDENTIFIER = "com.divinityapp.prayers-Watch-AppTests";
				PRODUCT_NAME = "$(TARGET_NAME)";
				SDKROOT = watchos;
				SWIFT_EMIT_LOC_STRINGS = NO;
				SWIFT_VERSION = 5.0;
				TARGETED_DEVICE_FAMILY = 4;
				TEST_HOST = "$(BUILT_PRODUCTS_DIR)/prayers Watch App.app/$(BUNDLE_EXECUTABLE_FOLDER_PATH)/prayers Watch App";
				WATCHOS_DEPLOYMENT_TARGET = 11.2;
			};
			name = Debug;
		};
		167C335D2F34767200DD1377 /* Release */ = {
			isa = XCBuildConfiguration;
			buildSettings = {
				BUNDLE_LOADER = "$(TEST_HOST)";
				CODE_SIGN_STYLE = Automatic;
				CURRENT_PROJECT_VERSION = 1;
				GENERATE_INFOPLIST_FILE = YES;
				MARKETING_VERSION = 1.0;
				PRODUCT_BUNDLE_IDENTIFIER = "com.divinityapp.prayers-Watch-AppTests";
				PRODUCT_NAME = "$(TARGET_NAME)";
				SDKROOT = watchos;
				SWIFT_EMIT_LOC_STRINGS = NO;
				SWIFT_VERSION = 5.0;
				TARGETED_DEVICE_FAMILY = 4;
				TEST_HOST = "$(BUILT_PRODUCTS_DIR)/prayers Watch App.app/$(BUNDLE_EXECUTABLE_FOLDER_PATH)/prayers Watch App";
				VALIDATE_PRODUCT = YES;
				WATCHOS_DEPLOYMENT_TARGET = 11.2;
			};
			name = Release;
		};
		167C335F2F34767200DD1377 /* Debug */ = {
			isa = XCBuildConfiguration;
			buildSettings = {
				CODE_SIGN_STYLE = Automatic;
				CURRENT_PROJECT_VERSION = 1;
				GENERATE_INFOPLIST_FILE = YES;
				MARKETING_VERSION = 1.0;
				PRODUCT_BUNDLE_IDENTIFIER = "com.divinityapp.prayers-Watch-AppUITests";
				PRODUCT_NAME = "$(TARGET_NAME)";
				SDKROOT = watchos;
				SWIFT_EMIT_LOC_STRINGS = NO;
				SWIFT_VERSION = 5.0;
				TARGETED_DEVICE_FAMILY = 4;
				TEST_TARGET_NAME = "prayers Watch App";
				WATCHOS_DEPLOYMENT_TARGET = 11.2;
			};
			name = Debug;
		};
		167C33602F34767200DD1377 /* Release */ = {
			isa = XCBuildConfiguration;
			buildSettings = {
				CODE_SIGN_STYLE = Automatic;
				CURRENT_PROJECT_VERSION = 1;
				GENERATE_INFOPLIST_FILE = YES;
				MARKETING_VERSION = 1.0;
				PRODUCT_BUNDLE_IDENTIFIER = "com.divinityapp.prayers-Watch-AppUITests";
				PRODUCT_NAME = "$(TARGET_NAME)";
				SDKROOT = watchos;
				SWIFT_EMIT_LOC_STRINGS = NO;
				SWIFT_VERSION = 5.0;
				TARGETED_DEVICE_FAMILY = 4;
				TEST_TARGET_NAME = "prayers Watch App";
				VALIDATE_PRODUCT = YES;
				WATCHOS_DEPLOYMENT_TARGET = 11.2;
			};
			name = Release;
		};
/* End XCBuildConfiguration section */

/* Begin XCConfigurationList section */
		167C32FD2F34766F00DD1377 /* Build configuration list for PBXProject "prayers" */ = {
			isa = XCConfigurationList;
			buildConfigurations = (
				167C334C2F34767200DD1377 /* Debug */,
				167C334D2F34767200DD1377 /* Release */,
			);
			defaultConfigurationIsVisible = 0;
			defaultConfigurationName = Release;
		};
		167C334E2F34767200DD1377 /* Build configuration list for PBXNativeTarget "prayers Watch App" */ = {
			isa = XCConfigurationList;
			buildConfigurations = (
				167C334F2F34767200DD1377 /* Debug */,
				167C33502F34767200DD1377 /* Release */,
			);
			defaultConfigurationIsVisible = 0;
			defaultConfigurationName = Release;
		};
		167C33522F34767200DD1377 /* Build configuration list for PBXNativeTarget "prayers" */ = {
			isa = XCConfigurationList;
			buildConfigurations = (
				167C33532F34767200DD1377 /* Debug */,
				167C33542F34767200DD1377 /* Release */,
			);
			defaultConfigurationIsVisible = 0;
			defaultConfigurationName = Release;
		};
		167C33552F34767200DD1377 /* Build configuration list for PBXNativeTarget "prayersTests" */ = {
			isa = XCConfigurationList;
			buildConfigurations = (
				167C33562F34767200DD1377 /* Debug */,
				167C33572F34767200DD1377 /* Release */,
			);
			defaultConfigurationIsVisible = 0;
			defaultConfigurationName = Release;
		};
		167C33582F34767200DD1377 /* Build configuration list for PBXNativeTarget "prayersUITests" */ = {
			isa = XCConfigurationList;
			buildConfigurations = (
				167C33592F34767200DD1377 /* Debug */,
				167C335A2F34767200DD1377 /* Release */,
			);
			defaultConfigurationIsVisible = 0;
			defaultConfigurationName = Release;
		};
		167C335B2F34767200DD1377 /* Build configuration list for PBXNativeTarget "prayers Watch AppTests" */ = {
			isa = XCConfigurationList;
			buildConfigurations = (
				167C335C2F34767200DD1377 /* Debug */,
				167C335D2F34767200DD1377 /* Release */,
			);
			defaultConfigurationIsVisible = 0;
			defaultConfigurationName = Release;
		};
		167C335E2F34767200DD1377 /* Build configuration list for PBXNativeTarget "prayers Watch AppUITests" */ = {
			isa = XCConfigurationList;
			buildConfigurations = (
				167C335F2F34767200DD1377 /* Debug */,
				167C33602F34767200DD1377 /* Release */,
			);
			defaultConfigurationIsVisible = 0;
			defaultConfigurationName = Release;
		};
/* End XCConfigurationList section */
	};
	rootObject = 167C32FA2F34766F00DD1377 /* Project object */;
}
